{
  "name": "test-up-tool-kit",
  "version": "1.1.12",
  "lockfileVersion": 2,
  "requires": true,
  "packages": {
    "": {
      "name": "test-up-tool-kit",
      "version": "1.1.12",
      "license": "ISC",
      "dependencies": {
        "dotenv": "^16.0.3",
        "envfile": "^6.18.0",
        "yaml": "^2.2.1"
      }
    },
    "node_modules/dotenv": {
      "version": "16.0.3",
      "resolved": "https://registry.npmjs.org/dotenv/-/dotenv-16.0.3.tgz",
      "integrity": "sha512-7GO6HghkA5fYG9TYnNxi14/7K9f5occMlp3zXAuSxn7CKCxt9xbNWG7yF8hTCSUchlfWSe3uLmlPfigevRItzQ==",
      "engines": {
        "node": ">=12"
      }
    },
    "node_modules/envfile": {
      "version": "6.18.0",
      "resolved": "https://registry.npmjs.org/envfile/-/envfile-6.18.0.tgz",
      "integrity": "sha512-IsYv64dtlNXTm4huvCBpbXsdZQurYUju9WoYCkSj+SDYpO3v4/dq346QsCnNZ3JcnWw0G3E6+saVkVtmPw98Gg==",
      "bin": {
        "envfile": "bin.cjs"
      },
      "engines": {
        "node": ">=10"
      },
      "funding": {
        "url": "https://bevry.me/fund"
      }
    },
    "node_modules/yaml": {
      "version": "2.2.1",
      "resolved": "https://registry.npmjs.org/yaml/-/yaml-2.2.1.tgz",
      "integrity": "sha512-e0WHiYql7+9wr4cWMx3TVQrNwejKaEe7/rHNmQmqRjazfOP5W8PB6Jpebb5o6fIapbz9o9+2ipcaTM2ZwDI6lw==",
      "engines": {
        "node": ">= 14"
      }
    }
  },
  "dependencies": {
    "dotenv": {
      "version": "16.0.3",
      "resolved": "https://registry.npmjs.org/dotenv/-/dotenv-16.0.3.tgz",
      "integrity": "sha512-7GO6HghkA5fYG9TYnNxi14/7K9f5occMlp3zXAuSxn7CKCxt9xbNWG7yF8hTCSUchlfWSe3uLmlPfigevRItzQ=="
    },
    "envfile": {
      "version": "6.18.0",
      "resolved": "https://registry.npmjs.org/envfile/-/envfile-6.18.0.tgz",
      "integrity": "sha512-IsYv64dtlNXTm4huvCBpbXsdZQurYUju9WoYCkSj+SDYpO3v4/dq346QsCnNZ3JcnWw0G3E6+saVkVtmPw98Gg=="
    },
    "yaml": {
      "version": "2.2.1",
      "resolved": "https://registry.npmjs.org/yaml/-/yaml-2.2.1.tgz",
      "integrity": "sha512-e0WHiYql7+9wr4cWMx3TVQrNwejKaEe7/rHNmQmqRjazfOP5W8PB6Jpebb5o6fIapbz9o9+2ipcaTM2ZwDI6lw=="
    }
  }
}
